
Microsoft Visual Studio Solution File, Format Version 12.00
# Visual Studio Version 16
VisualStudioVersion = 16.0.32510.428
MinimumVisualStudioVersion = 10.0.40219.1
Project("{FAE04EC0-301F-11D3-BF4B-00C04F79EFBC}") = "Tarea2", "Tarea2\Tarea2.csproj", "{F6E5DAAE-EAE6-4E52-9805-CBB6C23119E1}"
EndProject
Global
	GlobalSection(SolutionConfigurationPlatforms) = preSolution
		Debug|Any CPU = Debug|Any CPU
		Release|Any CPU = Release|Any CPU
	EndGlobalSection
	GlobalSection(ProjectConfigurationPlatforms) = postSolution
		{F6E5DAAE-EAE6-4E52-9805-CBB6C23119E1}.Debug|Any CPU.ActiveCfg = Debug|Any CPU
		{F6E5DAAE-EAE6-4E52-9805-CBB6C23119E1}.Debug|Any CPU.Build.0 = Debug|Any CPU
		{F6E5DAAE-EAE6-4E52-9805-CBB6C23119E1}.Release|Any CPU.ActiveCfg = Release|Any CPU
		{F6E5DAAE-EAE6-4E52-9805-CBB6C23119E1}.Release|Any CPU.Build.0 = Release|Any CPU
	EndGlobalSection
	GlobalSection(SolutionProperties) = preSolution
		HideSolutionNode = FALSE
	EndGlobalSection
	GlobalSection(ExtensibilityGlobals) = postSolution
		SolutionGuid = {41D6C119-0577-4899-AA9F-999A972A05D4}
	EndGlobalSection
EndGlobal
